
Microsoft Visual Studio Solution File, Format Version 12.00
# Visual Studio Version 17
VisualStudioVersion = 17.0.31903.59
MinimumVisualStudioVersion = 10.0.40219.1
Project("{FAE04EC0-301F-11D3-BF4B-00C04F79EFBC}") = "VideoShortsGenerator.Application", "VideoShortsGenerator.Application\VideoShortsGenerator.Application.csproj", "{FBCC5C2E-3D06-4729-8D6C-73F38F7F2E95}"
EndProject
Project("{FAE04EC0-301F-11D3-BF4B-00C04F79EFBC}") = "VideoShortsGenerator.Domain", "VideoShortsGenerator.Domain\VideoShortsGenerator.Domain.csproj", "{10F5FCD1-F6D8-4223-BF21-3B726AD66FFF}"
EndProject
Project("{FAE04EC0-301F-11D3-BF4B-00C04F79EFBC}") = "VideoShortsGenerator.Infrastructure", "VideoShortsGenerator.Infrastructure\VideoShortsGenerator.Infrastructure.csproj", "{F9435530-FB2D-4CA2-8485-A799225D174A}"
EndProject
Project("{FAE04EC0-301F-11D3-BF4B-00C04F79EFBC}") = "VideoShortsGenerator.WebApi", "VideoShortsGenerator.WebApi\VideoShortsGenerator.WebApi.csproj", "{6E02FFC2-61B8-42FB-8A5A-971357D25B5A}"
EndProject
Global
	GlobalSection(SolutionConfigurationPlatforms) = preSolution
		Debug|Any CPU = Debug|Any CPU
		Debug|x64 = Debug|x64
		Debug|x86 = Debug|x86
		Release|Any CPU = Release|Any CPU
		Release|x64 = Release|x64
		Release|x86 = Release|x86
	EndGlobalSection
	GlobalSection(ProjectConfigurationPlatforms) = postSolution
		{FBCC5C2E-3D06-4729-8D6C-73F38F7F2E95}.Debug|Any CPU.ActiveCfg = Debug|Any CPU
		{FBCC5C2E-3D06-4729-8D6C-73F38F7F2E95}.Debug|Any CPU.Build.0 = Debug|Any CPU
		{FBCC5C2E-3D06-4729-8D6C-73F38F7F2E95}.Debug|x64.ActiveCfg = Debug|Any CPU
		{FBCC5C2E-3D06-4729-8D6C-73F38F7F2E95}.Debug|x64.Build.0 = Debug|Any CPU
		{FBCC5C2E-3D06-4729-8D6C-73F38F7F2E95}.Debug|x86.ActiveCfg = Debug|Any CPU
		{FBCC5C2E-3D06-4729-8D6C-73F38F7F2E95}.Debug|x86.Build.0 = Debug|Any CPU
		{FBCC5C2E-3D06-4729-8D6C-73F38F7F2E95}.Release|Any CPU.ActiveCfg = Release|Any CPU
		{FBCC5C2E-3D06-4729-8D6C-73F38F7F2E95}.Release|Any CPU.Build.0 = Release|Any CPU
		{FBCC5C2E-3D06-4729-8D6C-73F38F7F2E95}.Release|x64.ActiveCfg = Release|Any CPU
		{FBCC5C2E-3D06-4729-8D6C-73F38F7F2E95}.Release|x64.Build.0 = Release|Any CPU
		{FBCC5C2E-3D06-4729-8D6C-73F38F7F2E95}.Release|x86.ActiveCfg = Release|Any CPU
		{FBCC5C2E-3D06-4729-8D6C-73F38F7F2E95}.Release|x86.Build.0 = Release|Any CPU
		{10F5FCD1-F6D8-4223-BF21-3B726AD66FFF}.Debug|Any CPU.ActiveCfg = Debug|Any CPU
		{10F5FCD1-F6D8-4223-BF21-3B726AD66FFF}.Debug|Any CPU.Build.0 = Debug|Any CPU
		{10F5FCD1-F6D8-4223-BF21-3B726AD66FFF}.Debug|x64.ActiveCfg = Debug|Any CPU
		{10F5FCD1-F6D8-4223-BF21-3B726AD66FFF}.Debug|x64.Build.0 = Debug|Any CPU
		{10F5FCD1-F6D8-4223-BF21-3B726AD66FFF}.Debug|x86.ActiveCfg = Debug|Any CPU
		{10F5FCD1-F6D8-4223-BF21-3B726AD66FFF}.Debug|x86.Build.0 = Debug|Any CPU
		{10F5FCD1-F6D8-4223-BF21-3B726AD66FFF}.Release|Any CPU.ActiveCfg = Release|Any CPU
		{10F5FCD1-F6D8-4223-BF21-3B726AD66FFF}.Release|Any CPU.Build.0 = Release|Any CPU
		{10F5FCD1-F6D8-4223-BF21-3B726AD66FFF}.Release|x64.ActiveCfg = Release|Any CPU
		{10F5FCD1-F6D8-4223-BF21-3B726AD66FFF}.Release|x64.Build.0 = Release|Any CPU
		{10F5FCD1-F6D8-4223-BF21-3B726AD66FFF}.Release|x86.ActiveCfg = Release|Any CPU
		{10F5FCD1-F6D8-4223-BF21-3B726AD66FFF}.Release|x86.Build.0 = Release|Any CPU
		{F9435530-FB2D-4CA2-8485-A799225D174A}.Debug|Any CPU.ActiveCfg = Debug|Any CPU
		{F9435530-FB2D-4CA2-8485-A799225D174A}.Debug|Any CPU.Build.0 = Debug|Any CPU
		{F9435530-FB2D-4CA2-8485-A799225D174A}.Debug|x64.ActiveCfg = Debug|Any CPU
		{F9435530-FB2D-4CA2-8485-A799225D174A}.Debug|x64.Build.0 = Debug|Any CPU
		{F9435530-FB2D-4CA2-8485-A799225D174A}.Debug|x86.ActiveCfg = Debug|Any CPU
		{F9435530-FB2D-4CA2-8485-A799225D174A}.Debug|x86.Build.0 = Debug|Any CPU
		{F9435530-FB2D-4CA2-8485-A799225D174A}.Release|Any CPU.ActiveCfg = Release|Any CPU
		{F9435530-FB2D-4CA2-8485-A799225D174A}.Release|Any CPU.Build.0 = Release|Any CPU
		{F9435530-FB2D-4CA2-8485-A799225D174A}.Release|x64.ActiveCfg = Release|Any CPU
		{F9435530-FB2D-4CA2-8485-A799225D174A}.Release|x64.Build.0 = Release|Any CPU
		{F9435530-FB2D-4CA2-8485-A799225D174A}.Release|x86.ActiveCfg = Release|Any CPU
		{F9435530-FB2D-4CA2-8485-A799225D174A}.Release|x86.Build.0 = Release|Any CPU
		{6E02FFC2-61B8-42FB-8A5A-971357D25B5A}.Debug|Any CPU.ActiveCfg = Debug|Any CPU
		{6E02FFC2-61B8-42FB-8A5A-971357D25B5A}.Debug|Any CPU.Build.0 = Debug|Any CPU
		{6E02FFC2-61B8-42FB-8A5A-971357D25B5A}.Debug|x64.ActiveCfg = Debug|Any CPU
		{6E02FFC2-61B8-42FB-8A5A-971357D25B5A}.Debug|x64.Build.0 = Debug|Any CPU
		{6E02FFC2-61B8-42FB-8A5A-971357D25B5A}.Debug|x86.ActiveCfg = Debug|Any CPU
		{6E02FFC2-61B8-42FB-8A5A-971357D25B5A}.Debug|x86.Build.0 = Debug|Any CPU
		{6E02FFC2-61B8-42FB-8A5A-971357D25B5A}.Release|Any CPU.ActiveCfg = Release|Any CPU
		{6E02FFC2-61B8-42FB-8A5A-971357D25B5A}.Release|Any CPU.Build.0 = Release|Any CPU
		{6E02FFC2-61B8-42FB-8A5A-971357D25B5A}.Release|x64.ActiveCfg = Release|Any CPU
		{6E02FFC2-61B8-42FB-8A5A-971357D25B5A}.Release|x64.Build.0 = Release|Any CPU
		{6E02FFC2-61B8-42FB-8A5A-971357D25B5A}.Release|x86.ActiveCfg = Release|Any CPU
		{6E02FFC2-61B8-42FB-8A5A-971357D25B5A}.Release|x86.Build.0 = Release|Any CPU
	EndGlobalSection
	GlobalSection(SolutionProperties) = preSolution
		HideSolutionNode = FALSE
	EndGlobalSection
EndGlobal
